
Microsoft Visual Studio Solution File, Format Version 12.00
# Visual Studio Version 16
VisualStudioVersion = 16.0.31019.35
MinimumVisualStudioVersion = 10.0.40219.1
Project("{FAE04EC0-301F-11D3-BF4B-00C04F79EFBC}") = "ZdravoHospital", "ZdravoHospital\ZdravoHospital.csproj", "{F6A66290-8C0D-4BF3-AC4D-73296C3E8D2B}"
EndProject
Global
	GlobalSection(SolutionConfigurationPlatforms) = preSolution
		Debug|Any CPU = Debug|Any CPU
		Release|Any CPU = Release|Any CPU
	EndGlobalSection
	GlobalSection(ProjectConfigurationPlatforms) = postSolution
		{F6A66290-8C0D-4BF3-AC4D-73296C3E8D2B}.Debug|Any CPU.ActiveCfg = Debug|Any CPU
		{F6A66290-8C0D-4BF3-AC4D-73296C3E8D2B}.Debug|Any CPU.Build.0 = Debug|Any CPU
		{F6A66290-8C0D-4BF3-AC4D-73296C3E8D2B}.Release|Any CPU.ActiveCfg = Release|Any CPU
		{F6A66290-8C0D-4BF3-AC4D-73296C3E8D2B}.Release|Any CPU.Build.0 = Release|Any CPU
	EndGlobalSection
	GlobalSection(SolutionProperties) = preSolution
		HideSolutionNode = FALSE
	EndGlobalSection
	GlobalSection(ExtensibilityGlobals) = postSolution
		SolutionGuid = {6E49FA7F-E823-4E73-BEDC-329D2592A1DD}
	EndGlobalSection
EndGlobal
